// !$*UTF8*$!
{
	archiveVersion = 1;
	classes = {
	};
	objectVersion = 50;
	objects = {

/* Begin PBXBuildFile section */
		2D8980A1251D9D2E0047B7F7 /* UserDefault.swift in Sources */ = {isa = PBXBuildFile; fileRef = 2D8980A0251D9D2E0047B7F7 /* UserDefault.swift */; };
		2DF212142519D20400537AF8 /* AppDelegate.swift in Sources */ = {isa = PBXBuildFile; fileRef = 2DF212132519D20400537AF8 /* AppDelegate.swift */; };
		2DF212162519D20400537AF8 /* SceneDelegate.swift in Sources */ = {isa = PBXBuildFile; fileRef = 2DF212152519D20400537AF8 /* SceneDelegate.swift */; };
		2DF212182519D20400537AF8 /* ViewController.swift in Sources */ = {isa = PBXBuildFile; fileRef = 2DF212172519D20400537AF8 /* ViewController.swift */; };
		2DF2121B2519D20400537AF8 /* Main.storyboard in Resources */ = {isa = PBXBuildFile; fileRef = 2DF212192519D20400537AF8 /* Main.storyboard */; };
		2DF2121D2519D20900537AF8 /* Assets.xcassets in Resources */ = {isa = PBXBuildFile; fileRef = 2DF2121C2519D20900537AF8 /* Assets.xcassets */; };
		2DF212202519D20900537AF8 /* LaunchScreen.storyboard in Resources */ = {isa = PBXBuildFile; fileRef = 2DF2121E2519D20900537AF8 /* LaunchScreen.storyboard */; };
		2DF2122B2519D20A00537AF8 /* ToDoAppTest2Tests.swift in Sources */ = {isa = PBXBuildFile; fileRef = 2DF2122A2519D20A00537AF8 /* ToDoAppTest2Tests.swift */; };
		2DF212362519D20A00537AF8 /* ToDoAppTest2UITests.swift in Sources */ = {isa = PBXBuildFile; fileRef = 2DF212352519D20A00537AF8 /* ToDoAppTest2UITests.swift */; };
/* End PBXBuildFile section */

/* Begin PBXContainerItemProxy section */
		2DF212272519D20A00537AF8 /* PBXContainerItemProxy */ = {
			isa = PBXContainerItemProxy;
			containerPortal = 2DF212082519D20400537AF8 /* Project object */;
			proxyType = 1;
			remoteGlobalIDString = 2DF2120F2519D20400537AF8;
			remoteInfo = ToDoAppTest2;
		};
		2DF212322519D20A00537AF8 /* PBXContainerItemProxy */ = {
			isa = PBXContainerItemProxy;
			containerPortal = 2DF212082519D20400537AF8 /* Project object */;
			proxyType = 1;
			remoteGlobalIDString = 2DF2120F2519D20400537AF8;
			remoteInfo = ToDoAppTest2;
		};
/* End PBXContainerItemProxy section */

/* Begin PBXFileReference section */
		2D8980A0251D9D2E0047B7F7 /* UserDefault.swift */ = {isa = PBXFileReference; lastKnownFileType = sourcecode.swift; path = UserDefault.swift; sourceTree = "<group>"; };
		2DF212102519D20400537AF8 /* ToDoAppTest2.app */ = {isa = PBXFileReference; explicitFileType = wrapper.application; includeInIndex = 0; path = ToDoAppTest2.app; sourceTree = BUILT_PRODUCTS_DIR; };
		2DF212132519D20400537AF8 /* AppDelegate.swift */ = {isa = PBXFileReference; lastKnownFileType = sourcecode.swift; path = AppDelegate.swift; sourceTree = "<group>"; };
		2DF212152519D20400537AF8 /* SceneDelegate.swift */ = {isa = PBXFileReference; lastKnownFileType = sourcecode.swift; path = SceneDelegate.swift; sourceTree = "<group>"; };
		2DF212172519D20400537AF8 /* ViewController.swift */ = {isa = PBXFileReference; lastKnownFileType = sourcecode.swift; path = ViewController.swift; sourceTree = "<group>"; };
		2DF2121A2519D20400537AF8 /* Base */ = {isa = PBXFileReference; lastKnownFileType = file.storyboard; name = Base; path = Base.lproj/Main.storyboard; sourceTree = "<group>"; };
		2DF2121C2519D20900537AF8 /* Assets.xcassets */ = {isa = PBXFileReference; lastKnownFileType = folder.assetcatalog; path = Assets.xcassets; sourceTree = "<group>"; };
		2DF2121F2519D20900537AF8 /* Base */ = {isa = PBXFileReference; lastKnownFileType = file.storyboard; name = Base; path = Base.lproj/LaunchScreen.storyboard; sourceTree = "<group>"; };
		2DF212212519D20900537AF8 /* Info.plist */ = {isa = PBXFileReference; lastKnownFileType = text.plist.xml; path = Info.plist; sourceTree = "<group>"; };
		2DF212262519D20A00537AF8 /* ToDoAppTest2Tests.xctest */ = {isa = PBXFileReference; explicitFileType = wrapper.cfbundle; includeInIndex = 0; path = ToDoAppTest2Tests.xctest; sourceTree = BUILT_PRODUCTS_DIR; };
		2DF2122A2519D20A00537AF8 /* ToDoAppTest2Tests.swift */ = {isa = PBXFileReference; lastKnownFileType = sourcecode.swift; path = ToDoAppTest2Tests.swift; sourceTree = "<group>"; };
		2DF2122C2519D20A00537AF8 /* Info.plist */ = {isa = PBXFileReference; lastKnownFileType = text.plist.xml; path = Info.plist; sourceTree = "<group>"; };
		2DF212312519D20A00537AF8 /* ToDoAppTest2UITests.xctest */ = {isa = PBXFileReference; explicitFileType = wrapper.cfbundle; includeInIndex = 0; path = ToDoAppTest2UITests.xctest; sourceTree = BUILT_PRODUCTS_DIR; };
		2DF212352519D20A00537AF8 /* ToDoAppTest2UITests.swift */ = {isa = PBXFileReference; lastKnownFileType = sourcecode.swift; path = ToDoAppTest2UITests.swift; sourceTree = "<group>"; };
		2DF212372519D20A00537AF8 /* Info.plist */ = {isa = PBXFileReference; lastKnownFileType = text.plist.xml; path = Info.plist; sourceTree = "<group>"; };
/* End PBXFileReference section */

/* Begin PBXFrameworksBuildPhase section */
		2DF2120D2519D20400537AF8 /* Frameworks */ = {
			isa = PBXFrameworksBuildPhase;
			buildActionMask = 2147483647;
			files = (
			);
			runOnlyForDeploymentPostprocessing = 0;
		};
		2DF212232519D20A00537AF8 /* Frameworks */ = {
			isa = PBXFrameworksBuildPhase;
			buildActionMask = 2147483647;
			files = (
			);
			runOnlyForDeploymentPostprocessing = 0;
		};
		2DF2122E2519D20A00537AF8 /* Frameworks */ = {
			isa = PBXFrameworksBuildPhase;
			buildActionMask = 2147483647;
			files = (
			);
			runOnlyForDeploymentPostprocessing = 0;
		};
/* End PBXFrameworksBuildPhase section */

/* Begin PBXGroup section */
		2DF212072519D20400537AF8 = {
			isa = PBXGroup;
			children = (
				2DF212122519D20400537AF8 /* ToDoAppTest2 */,
				2DF212292519D20A00537AF8 /* ToDoAppTest2Tests */,
				2DF212342519D20A00537AF8 /* ToDoAppTest2UITests */,
				2DF212112519D20400537AF8 /* Products */,
			);
			sourceTree = "<group>";
		};
		2DF212112519D20400537AF8 /* Products */ = {
			isa = PBXGroup;
			children = (
				2DF212102519D20400537AF8 /* ToDoAppTest2.app */,
				2DF212262519D20A00537AF8 /* ToDoAppTest2Tests.xctest */,
				2DF212312519D20A00537AF8 /* ToDoAppTest2UITests.xctest */,
			);
			name = Products;
			sourceTree = "<group>";
		};
		2DF212122519D20400537AF8 /* ToDoAppTest2 */ = {
			isa = PBXGroup;
			children = (
				2DF212132519D20400537AF8 /* AppDelegate.swift */,
				2DF212152519D20400537AF8 /* SceneDelegate.swift */,
				2DF212172519D20400537AF8 /* ViewController.swift */,
				2DF212192519D20400537AF8 /* Main.storyboard */,
				2DF2121C2519D20900537AF8 /* Assets.xcassets */,
				2DF2121E2519D20900537AF8 /* LaunchScreen.storyboard */,
				2DF212212519D20900537AF8 /* Info.plist */,
				2D8980A0251D9D2E0047B7F7 /* UserDefault.swift */,
			);
			path = ToDoAppTest2;
			sourceTree = "<group>";
		};
		2DF212292519D20A00537AF8 /* ToDoAppTest2Tests */ = {
			isa = PBXGroup;
			children = (
				2DF2122A2519D20A00537AF8 /* ToDoAppTest2Tests.swift */,
				2DF2122C2519D20A00537AF8 /* Info.plist */,
			);
			path = ToDoAppTest2Tests;
			sourceTree = "<group>";
		};
		2DF212342519D20A00537AF8 /* ToDoAppTest2UITests */ = {
			isa = PBXGroup;
			children = (
				2DF212352519D20A00537AF8 /* ToDoAppTest2UITests.swift */,
				2DF212372519D20A00537AF8 /* Info.plist */,
			);
			path = ToDoAppTest2UITests;
			sourceTree = "<group>";
		};
/* End PBXGroup section */

/* Begin PBXNativeTarget section */
		2DF2120F2519D20400537AF8 /* ToDoAppTest2 */ = {
			isa = PBXNativeTarget;
			buildConfigurationList = 2DF2123A2519D20A00537AF8 /* Build configuration list for PBXNativeTarget "ToDoAppTest2" */;
			buildPhases = (
				2DF2120C2519D20400537AF8 /* Sources */,
				2DF2120D2519D20400537AF8 /* Frameworks */,
				2DF2120E2519D20400537AF8 /* Resources */,
			);
			buildRules = (
			);
			dependencies = (
			);
			name = ToDoAppTest2;
			productName = ToDoAppTest2;
			productReference = 2DF212102519D20400537AF8 /* ToDoAppTest2.app */;
			productType = "com.apple.product-type.application";
		};
		2DF212252519D20A00537AF8 /* ToDoAppTest2Tests */ = {
			isa = PBXNativeTarget;
			buildConfigurationList = 2DF2123D2519D20A00537AF8 /* Build configuration list for PBXNativeTarget "ToDoAppTest2Tests" */;
			buildPhases = (
				2DF212222519D20A00537AF8 /* Sources */,
				2DF212232519D20A00537AF8 /* Frameworks */,
				2DF212242519D20A00537AF8 /* Resources */,
			);
			buildRules = (
			);
			dependencies = (
				2DF212282519D20A00537AF8 /* PBXTargetDependency */,
			);
			name = ToDoAppTest2Tests;
			productName = ToDoAppTest2Tests;
			productReference = 2DF212262519D20A00537AF8 /* ToDoAppTest2Tests.xctest */;
			productType = "com.apple.product-type.bundle.unit-test";
		};
		2DF212302519D20A00537AF8 /* ToDoAppTest2UITests */ = {
			isa = PBXNativeTarget;
			buildConfigurationList = 2DF212402519D20A00537AF8 /* Build configuration list for PBXNativeTarget "ToDoAppTest2UITests" */;
			buildPhases = (
				2DF2122D2519D20A00537AF8 /* Sources */,
				2DF2122E2519D20A00537AF8 /* Frameworks */,
				2DF2122F2519D20A00537AF8 /* Resources */,
			);
			buildRules = (
			);
			dependencies = (
				2DF212332519D20A00537AF8 /* PBXTargetDependency */,
			);
			name = ToDoAppTest2UITests;
			productName = ToDoAppTest2UITests;
			productReference = 2DF212312519D20A00537AF8 /* ToDoAppTest2UITests.xctest */;
			productType = "com.apple.product-type.bundle.ui-testing";
		};
/* End PBXNativeTarget section */

/* Begin PBXProject section */
		2DF212082519D20400537AF8 /* Project object */ = {
			isa = PBXProject;
			attributes = {
				LastSwiftUpdateCheck = 1200;
				LastUpgradeCheck = 1200;
				TargetAttributes = {
					2DF2120F2519D20400537AF8 = {
						CreatedOnToolsVersion = 12.0;
					};
					2DF212252519D20A00537AF8 = {
						CreatedOnToolsVersion = 12.0;
						TestTargetID = 2DF2120F2519D20400537AF8;
					};
					2DF212302519D20A00537AF8 = {
						CreatedOnToolsVersion = 12.0;
						TestTargetID = 2DF2120F2519D20400537AF8;
					};
				};
			};
			buildConfigurationList = 2DF2120B2519D20400537AF8 /* Build configuration list for PBXProject "ToDoAppTest2" */;
			compatibilityVersion = "Xcode 9.3";
			developmentRegion = en;
			hasScannedForEncodings = 0;
			knownRegions = (
				en,
				Base,
			);
			mainGroup = 2DF212072519D20400537AF8;
			productRefGroup = 2DF212112519D20400537AF8 /* Products */;
			projectDirPath = "";
			projectRoot = "";
			targets = (
				2DF2120F2519D20400537AF8 /* ToDoAppTest2 */,
				2DF212252519D20A00537AF8 /* ToDoAppTest2Tests */,
				2DF212302519D20A00537AF8 /* ToDoAppTest2UITests */,
			);
		};
/* End PBXProject section */

/* Begin PBXResourcesBuildPhase section */
		2DF2120E2519D20400537AF8 /* Resources */ = {
			isa = PBXResourcesBuildPhase;
			buildActionMask = 2147483647;
			files = (
				2DF212202519D20900537AF8 /* LaunchScreen.storyboard in Resources */,
				2DF2121D2519D20900537AF8 /* Assets.xcassets in Resources */,
				2DF2121B2519D20400537AF8 /* Main.storyboard in Resources */,
			);
			runOnlyForDeploymentPostprocessing = 0;
		};
		2DF212242519D20A00537AF8 /* Resources */ = {
			isa = PBXResourcesBuildPhase;
			buildActionMask = 2147483647;
			files = (
			);
			runOnlyForDeploymentPostprocessing = 0;
		};
		2DF2122F2519D20A00537AF8 /* Resources */ = {
			isa = PBXResourcesBuildPhase;
			buildActionMask = 2147483647;
			files = (
			);
			runOnlyForDeploymentPostprocessing = 0;
		};
/* End PBXResourcesBuildPhase section */

/* Begin PBXSourcesBuildPhase section */
		2DF2120C2519D20400537AF8 /* Sources */ = {
			isa = PBXSourcesBuildPhase;
			buildActionMask = 2147483647;
			files = (
				2D8980A1251D9D2E0047B7F7 /* UserDefault.swift in Sources */,
				2DF212182519D20400537AF8 /* ViewController.swift in Sources */,
				2DF212142519D20400537AF8 /* AppDelegate.swift in Sources */,
				2DF212162519D20400537AF8 /* SceneDelegate.swift in Sources */,
			);
			runOnlyForDeploymentPostprocessing = 0;
		};
		2DF212222519D20A00537AF8 /* Sources */ = {
			isa = PBXSourcesBuildPhase;
			buildActionMask = 2147483647;
			files = (
				2DF2122B2519D20A00537AF8 /* ToDoAppTest2Tests.swift in Sources */,
			);
			runOnlyForDeploymentPostprocessing = 0;
		};
		2DF2122D2519D20A00537AF8 /* Sources */ = {
			isa = PBXSourcesBuildPhase;
			buildActionMask = 2147483647;
			files = (
				2DF212362519D20A00537AF8 /* ToDoAppTest2UITests.swift in Sources */,
			);
			runOnlyForDeploymentPostprocessing = 0;
		};
/* End PBXSourcesBuildPhase section */

/* Begin PBXTargetDependency section */
		2DF212282519D20A00537AF8 /* PBXTargetDependency */ = {
			isa = PBXTargetDependency;
			target = 2DF2120F2519D20400537AF8 /* ToDoAppTest2 */;
			targetProxy = 2DF212272519D20A00537AF8 /* PBXContainerItemProxy */;
		};
		2DF212332519D20A00537AF8 /* PBXTargetDependency */ = {
			isa = PBXTargetDependency;
			target = 2DF2120F2519D20400537AF8 /* ToDoAppTest2 */;
			targetProxy = 2DF212322519D20A00537AF8 /* PBXContainerItemProxy */;
		};
/* End PBXTargetDependency section */

/* Begin PBXVariantGroup section */
		2DF212192519D20400537AF8 /* Main.storyboard */ = {
			isa = PBXVariantGroup;
			children = (
				2DF2121A2519D20400537AF8 /* Base */,
			);
			name = Main.storyboard;
			sourceTree = "<group>";
		};
		2DF2121E2519D20900537AF8 /* LaunchScreen.storyboard */ = {
			isa = PBXVariantGroup;
			children = (
				2DF2121F2519D20900537AF8 /* Base */,
			);
			name = LaunchScreen.storyboard;
			sourceTree = "<group>";
		};
/* End PBXVariantGroup section */

/* Begin XCBuildConfiguration section */
		2DF212382519D20A00537AF8 /* Debug */ = {
			isa = XCBuildConfiguration;
			buildSettings = {
				ALWAYS_SEARCH_USER_PATHS = NO;
				CLANG_ANALYZER_NONNULL = YES;
				CLANG_ANALYZER_NUMBER_OBJECT_CONVERSION = YES_AGGRESSIVE;
				CLANG_CXX_LANGUAGE_STANDARD = "gnu++14";
				CLANG_CXX_LIBRARY = "libc++";
				CLANG_ENABLE_MODULES = YES;
				CLANG_ENABLE_OBJC_ARC = YES;
				CLANG_ENABLE_OBJC_WEAK = YES;
				CLANG_WARN_BLOCK_CAPTURE_AUTORELEASING = YES;
				CLANG_WARN_BOOL_CONVERSION = YES;
				CLANG_WARN_COMMA = YES;
				CLANG_WARN_CONSTANT_CONVERSION = YES;
				CLANG_WARN_DEPRECATED_OBJC_IMPLEMENTATIONS = YES;
				CLANG_WARN_DIRECT_OBJC_ISA_USAGE = YES_ERROR;
				CLANG_WARN_DOCUMENTATION_COMMENTS = YES;
				CLANG_WARN_EMPTY_BODY = YES;
				CLANG_WARN_ENUM_CONVERSION = YES;
				CLANG_WARN_INFINITE_RECURSION = YES;
				CLANG_WARN_INT_CONVERSION = YES;
				CLANG_WARN_NON_LITERAL_NULL_CONVERSION = YES;
				CLANG_WARN_OBJC_IMPLICIT_RETAIN_SELF = YES;
				CLANG_WARN_OBJC_LITERAL_CONVERSION = YES;
				CLANG_WARN_OBJC_ROOT_CLASS = YES_ERROR;
				CLANG_WARN_QUOTED_INCLUDE_IN_FRAMEWORK_HEADER = YES;
				CLANG_WARN_RANGE_LOOP_ANALYSIS = YES;
				CLANG_WARN_STRICT_PROTOTYPES = YES;
				CLANG_WARN_SUSPICIOUS_MOVE = YES;
				CLANG_WARN_UNGUARDED_AVAILABILITY = YES_AGGRESSIVE;
				CLANG_WARN_UNREACHABLE_CODE = YES;
				CLANG_WARN__DUPLICATE_METHOD_MATCH = YES;
				COPY_PHASE_STRIP = NO;
				DEBUG_INFORMATION_FORMAT = dwarf;
				ENABLE_STRICT_OBJC_MSGSEND = YES;
				ENABLE_TESTABILITY = YES;
				GCC_C_LANGUAGE_STANDARD = gnu11;
				GCC_DYNAMIC_NO_PIC = NO;
				GCC_NO_COMMON_BLOCKS = YES;
				GCC_OPTIMIZATION_LEVEL = 0;
				GCC_PREPROCESSOR_DEFINITIONS = (
					"DEBUG=1",
					"$(inherited)",
				);
				GCC_WARN_64_TO_32_BIT_CONVERSION = YES;
				GCC_WARN_ABOUT_RETURN_TYPE = YES_ERROR;
				GCC_WARN_UNDECLARED_SELECTOR = YES;
				GCC_WARN_UNINITIALIZED_AUTOS = YES_AGGRESSIVE;
				GCC_WARN_UNUSED_FUNCTION = YES;
				GCC_WARN_UNUSED_VARIABLE = YES;
				IPHONEOS_DEPLOYMENT_TARGET = 14.0;
				MTL_ENABLE_DEBUG_INFO = INCLUDE_SOURCE;
				MTL_FAST_MATH = YES;
				ONLY_ACTIVE_ARCH = YES;
				SDKROOT = iphoneos;
				SWIFT_ACTIVE_COMPILATION_CONDITIONS = DEBUG;
				SWIFT_OPTIMIZATION_LEVEL = "-Onone";
			};
			name = Debug;
		};
		2DF212392519D20A00537AF8 /* Release */ = {
			isa = XCBuildConfiguration;
			buildSettings = {
				ALWAYS_SEARCH_USER_PATHS = NO;
				CLANG_ANALYZER_NONNULL = YES;
				CLANG_ANALYZER_NUMBER_OBJECT_CONVERSION = YES_AGGRESSIVE;
				CLANG_CXX_LANGUAGE_STANDARD = "gnu++14";
				CLANG_CXX_LIBRARY = "libc++";
				CLANG_ENABLE_MODULES = YES;
				CLANG_ENABLE_OBJC_ARC = YES;
				CLANG_ENABLE_OBJC_WEAK = YES;
				CLANG_WARN_BLOCK_CAPTURE_AUTORELEASING = YES;
				CLANG_WARN_BOOL_CONVERSION = YES;
				CLANG_WARN_COMMA = YES;
				CLANG_WARN_CONSTANT_CONVERSION = YES;
				CLANG_WARN_DEPRECATED_OBJC_IMPLEMENTATIONS = YES;
				CLANG_WARN_DIRECT_OBJC_ISA_USAGE = YES_ERROR;
				CLANG_WARN_DOCUMENTATION_COMMENTS = YES;
				CLANG_WARN_EMPTY_BODY = YES;
				CLANG_WARN_ENUM_CONVERSION = YES;
				CLANG_WARN_INFINITE_RECURSION = YES;
				CLANG_WARN_INT_CONVERSION = YES;
				CLANG_WARN_NON_LITERAL_NULL_CONVERSION = YES;
				CLANG_WARN_OBJC_IMPLICIT_RETAIN_SELF = YES;
				CLANG_WARN_OBJC_LITERAL_CONVERSION = YES;
				CLANG_WARN_OBJC_ROOT_CLASS = YES_ERROR;
				CLANG_WARN_QUOTED_INCLUDE_IN_FRAMEWORK_HEADER = YES;
				CLANG_WARN_RANGE_LOOP_ANALYSIS = YES;
				CLANG_WARN_STRICT_PROTOTYPES = YES;
				CLANG_WARN_SUSPICIOUS_MOVE = YES;
				CLANG_WARN_UNGUARDED_AVAILABILITY = YES_AGGRESSIVE;
				CLANG_WARN_UNREACHABLE_CODE = YES;
				CLANG_WARN__DUPLICATE_METHOD_MATCH = YES;
				COPY_PHASE_STRIP = NO;
				DEBUG_INFORMATION_FORMAT = "dwarf-with-dsym";
				ENABLE_NS_ASSERTIONS = NO;
				ENABLE_STRICT_OBJC_MSGSEND = YES;
				GCC_C_LANGUAGE_STANDARD = gnu11;
				GCC_NO_COMMON_BLOCKS = YES;
				GCC_WARN_64_TO_32_BIT_CONVERSION = YES;
				GCC_WARN_ABOUT_RETURN_TYPE = YES_ERROR;
				GCC_WARN_UNDECLARED_SELECTOR = YES;
				GCC_WARN_UNINITIALIZED_AUTOS = YES_AGGRESSIVE;
				GCC_WARN_UNUSED_FUNCTION = YES;
				GCC_WARN_UNUSED_VARIABLE = YES;
				IPHONEOS_DEPLOYMENT_TARGET = 14.0;
				MTL_ENABLE_DEBUG_INFO = NO;
				MTL_FAST_MATH = YES;
				SDKROOT = iphoneos;
				SWIFT_COMPILATION_MODE = wholemodule;
				SWIFT_OPTIMIZATION_LEVEL = "-O";
				VALIDATE_PRODUCT = YES;
			};
			name = Release;
		};
		2DF2123B2519D20A00537AF8 /* Debug */ = {
			isa = XCBuildConfiguration;
			buildSettings = {
				ASSETCATALOG_COMPILER_APPICON_NAME = AppIcon;
				ASSETCATALOG_COMPILER_GLOBAL_ACCENT_COLOR_NAME = AccentColor;
				CODE_SIGN_STYLE = Automatic;
				DEVELOPMENT_TEAM = 54CLR898C4;
				INFOPLIST_FILE = ToDoAppTest2/Info.plist;
				LD_RUNPATH_SEARCH_PATHS = (
					"$(inherited)",
					"@executable_path/Frameworks",
				);
				PRODUCT_BUNDLE_IDENTIFIER = com.gmail.vitoyaokatsuhiko.ToDoAppTest2;
				PRODUCT_NAME = "$(TARGET_NAME)";
				SWIFT_VERSION = 5.0;
				TARGETED_DEVICE_FAMILY = "1,2";
			};
			name = Debug;
		};
		2DF2123C2519D20A00537AF8 /* Release */ = {
			isa = XCBuildConfiguration;
			buildSettings = {
				ASSETCATALOG_COMPILER_APPICON_NAME = AppIcon;
				ASSETCATALOG_COMPILER_GLOBAL_ACCENT_COLOR_NAME = AccentColor;
				CODE_SIGN_STYLE = Automatic;
				DEVELOPMENT_TEAM = 54CLR898C4;
				INFOPLIST_FILE = ToDoAppTest2/Info.plist;
				LD_RUNPATH_SEARCH_PATHS = (
					"$(inherited)",
					"@executable_path/Frameworks",
				);
				PRODUCT_BUNDLE_IDENTIFIER = com.gmail.vitoyaokatsuhiko.ToDoAppTest2;
				PRODUCT_NAME = "$(TARGET_NAME)";
				SWIFT_VERSION = 5.0;
				TARGETED_DEVICE_FAMILY = "1,2";
			};
			name = Release;
		};
		2DF2123E2519D20A00537AF8 /* Debug */ = {
			isa = XCBuildConfiguration;
			buildSettings = {
				ALWAYS_EMBED_SWIFT_STANDARD_LIBRARIES = YES;
				BUNDLE_LOADER = "$(TEST_HOST)";
				CODE_SIGN_STYLE = Automatic;
				DEVELOPMENT_TEAM = 54CLR898C4;
				INFOPLIST_FILE = ToDoAppTest2Tests/Info.plist;
				IPHONEOS_DEPLOYMENT_TARGET = 14.0;
				LD_RUNPATH_SEARCH_PATHS = (
					"$(inherited)",
					"@executable_path/Frameworks",
					"@loader_path/Frameworks",
				);
				PRODUCT_BUNDLE_IDENTIFIER = com.gmail.vitoyaokatsuhiko.ToDoAppTest2Tests;
				PRODUCT_NAME = "$(TARGET_NAME)";
				SWIFT_VERSION = 5.0;
				TARGETED_DEVICE_FAMILY = "1,2";
				TEST_HOST = "$(BUILT_PRODUCTS_DIR)/ToDoAppTest2.app/ToDoAppTest2";
			};
			name = Debug;
		};
		2DF2123F2519D20A00537AF8 /* Release */ = {
			isa = XCBuildConfiguration;
			buildSettings = {
				ALWAYS_EMBED_SWIFT_STANDARD_LIBRARIES = YES;
				BUNDLE_LOADER = "$(TEST_HOST)";
				CODE_SIGN_STYLE = Automatic;
				DEVELOPMENT_TEAM = 54CLR898C4;
				INFOPLIST_FILE = ToDoAppTest2Tests/Info.plist;
				IPHONEOS_DEPLOYMENT_TARGET = 14.0;
				LD_RUNPATH_SEARCH_PATHS = (
					"$(inherited)",
					"@executable_path/Frameworks",
					"@loader_path/Frameworks",
				);
				PRODUCT_BUNDLE_IDENTIFIER = com.gmail.vitoyaokatsuhiko.ToDoAppTest2Tests;
				PRODUCT_NAME = "$(TARGET_NAME)";
				SWIFT_VERSION = 5.0;
				TARGETED_DEVICE_FAMILY = "1,2";
				TEST_HOST = "$(BUILT_PRODUCTS_DIR)/ToDoAppTest2.app/ToDoAppTest2";
			};
			name = Release;
		};
		2DF212412519D20A00537AF8 /* Debug */ = {
			isa = XCBuildConfiguration;
			buildSettings = {
				ALWAYS_EMBED_SWIFT_STANDARD_LIBRARIES = YES;
				CODE_SIGN_STYLE = Automatic;
				DEVELOPMENT_TEAM = 54CLR898C4;
				INFOPLIST_FILE = ToDoAppTest2UITests/Info.plist;
				LD_RUNPATH_SEARCH_PATHS = (
					"$(inherited)",
					"@executable_path/Frameworks",
					"@loader_path/Frameworks",
				);
				PRODUCT_BUNDLE_IDENTIFIER = com.gmail.vitoyaokatsuhiko.ToDoAppTest2UITests;
				PRODUCT_NAME = "$(TARGET_NAME)";
				SWIFT_VERSION = 5.0;
				TARGETED_DEVICE_FAMILY = "1,2";
				TEST_TARGET_NAME = ToDoAppTest2;
			};
			name = Debug;
		};
		2DF212422519D20A00537AF8 /* Release */ = {
			isa = XCBuildConfiguration;
			buildSettings = {
				ALWAYS_EMBED_SWIFT_STANDARD_LIBRARIES = YES;
				CODE_SIGN_STYLE = Automatic;
				DEVELOPMENT_TEAM = 54CLR898C4;
				INFOPLIST_FILE = ToDoAppTest2UITests/Info.plist;
				LD_RUNPATH_SEARCH_PATHS = (
					"$(inherited)",
					"@executable_path/Frameworks",
					"@loader_path/Frameworks",
				);
				PRODUCT_BUNDLE_IDENTIFIER = com.gmail.vitoyaokatsuhiko.ToDoAppTest2UITests;
				PRODUCT_NAME = "$(TARGET_NAME)";
				SWIFT_VERSION = 5.0;
				TARGETED_DEVICE_FAMILY = "1,2";
				TEST_TARGET_NAME = ToDoAppTest2;
			};
			name = Release;
		};
/* End XCBuildConfiguration section */

/* Begin XCConfigurationList section */
		2DF2120B2519D20400537AF8 /* Build configuration list for PBXProject "ToDoAppTest2" */ = {
			isa = XCConfigurationList;
			buildConfigurations = (
				2DF212382519D20A00537AF8 /* Debug */,
				2DF212392519D20A00537AF8 /* Release */,
			);
			defaultConfigurationIsVisible = 0;
			defaultConfigurationName = Release;
		};
		2DF2123A2519D20A00537AF8 /* Build configuration list for PBXNativeTarget "ToDoAppTest2" */ = {
			isa = XCConfigurationList;
			buildConfigurations = (
				2DF2123B2519D20A00537AF8 /* Debug */,
				2DF2123C2519D20A00537AF8 /* Release */,
			);
			defaultConfigurationIsVisible = 0;
			defaultConfigurationName = Release;
		};
		2DF2123D2519D20A00537AF8 /* Build configuration list for PBXNativeTarget "ToDoAppTest2Tests" */ = {
			isa = XCConfigurationList;
			buildConfigurations = (
				2DF2123E2519D20A00537AF8 /* Debug */,
				2DF2123F2519D20A00537AF8 /* Release */,
			);
			defaultConfigurationIsVisible = 0;
			defaultConfigurationName = Release;
		};
		2DF212402519D20A00537AF8 /* Build configuration list for PBXNativeTarget "ToDoAppTest2UITests" */ = {
			isa = XCConfigurationList;
			buildConfigurations = (
				2DF212412519D20A00537AF8 /* Debug */,
				2DF212422519D20A00537AF8 /* Release */,
			);
			defaultConfigurationIsVisible = 0;
			defaultConfigurationName = Release;
		};
/* End XCConfigurationList section */
	};
	rootObject = 2DF212082519D20400537AF8 /* Project object */;
}
